// !$*UTF8*$!
{
	archiveVersion = 1;
	classes = {
	};
	objectVersion = 46;
	objects = {

/* Begin PBXBuildFile section */
		D58ACEDE1DED8D930095825F /* main.m in Sources */ = {isa = PBXBuildFile; fileRef = D58ACEDD1DED8D930095825F /* main.m */; };
		D58ACEE11DED8D930095825F /* AppDelegate.m in Sources */ = {isa = PBXBuildFile; fileRef = D58ACEE01DED8D930095825F /* AppDelegate.m */; };
		D58ACEE91DED8D930095825F /* Assets.xcassets in Resources */ = {isa = PBXBuildFile; fileRef = D58ACEE81DED8D930095825F /* Assets.xcassets */; };
		D58ACEEC1DED8D930095825F /* LaunchScreen.storyboard in Resources */ = {isa = PBXBuildFile; fileRef = D58ACEEA1DED8D930095825F /* LaunchScreen.storyboard */; };
		D58ACEF61DED8DB40095825F /* RootViewController.m in Sources */ = {isa = PBXBuildFile; fileRef = D58ACEF41DED8DB40095825F /* RootViewController.m */; };
		D58ACEF71DED8DB40095825F /* RootViewController.xib in Resources */ = {isa = PBXBuildFile; fileRef = D58ACEF51DED8DB40095825F /* RootViewController.xib */; };
		D58ACEFB1DED8ECD0095825F /* FirstViewController.m in Sources */ = {isa = PBXBuildFile; fileRef = D58ACEF91DED8ECD0095825F /* FirstViewController.m */; };
		D58ACEFC1DED8ECD0095825F /* FirstViewController.xib in Resources */ = {isa = PBXBuildFile; fileRef = D58ACEFA1DED8ECD0095825F /* FirstViewController.xib */; };
		D58ACF001DED8ED80095825F /* SecondViewController.m in Sources */ = {isa = PBXBuildFile; fileRef = D58ACEFE1DED8ED80095825F /* SecondViewController.m */; };
		D58ACF011DED8ED80095825F /* SecondViewController.xib in Resources */ = {isa = PBXBuildFile; fileRef = D58ACEFF1DED8ED80095825F /* SecondViewController.xib */; };
		D58ACF051DED8EED0095825F /* ThirdViewController.m in Sources */ = {isa = PBXBuildFile; fileRef = D58ACF031DED8EED0095825F /* ThirdViewController.m */; };
		D58ACF061DED8EED0095825F /* ThirdViewController.xib in Resources */ = {isa = PBXBuildFile; fileRef = D58ACF041DED8EED0095825F /* ThirdViewController.xib */; };
		D58ACF0A1DED94F10095825F /* TitleSelectView.m in Sources */ = {isa = PBXBuildFile; fileRef = D58ACF091DED94F10095825F /* TitleSelectView.m */; };
/* End PBXBuildFile section */

/* Begin PBXFileReference section */
		D58ACED91DED8D930095825F /* PageVCDemo.app */ = {isa = PBXFileReference; explicitFileType = wrapper.application; includeInIndex = 0; path = PageVCDemo.app; sourceTree = BUILT_PRODUCTS_DIR; };
		D58ACEDD1DED8D930095825F /* main.m */ = {isa = PBXFileReference; lastKnownFileType = sourcecode.c.objc; path = main.m; sourceTree = "<group>"; };
		D58ACEDF1DED8D930095825F /* AppDelegate.h */ = {isa = PBXFileReference; lastKnownFileType = sourcecode.c.h; path = AppDelegate.h; sourceTree = "<group>"; };
		D58ACEE01DED8D930095825F /* AppDelegate.m */ = {isa = PBXFileReference; lastKnownFileType = sourcecode.c.objc; path = AppDelegate.m; sourceTree = "<group>"; };
		D58ACEE81DED8D930095825F /* Assets.xcassets */ = {isa = PBXFileReference; lastKnownFileType = folder.assetcatalog; path = Assets.xcassets; sourceTree = "<group>"; };
		D58ACEEB1DED8D930095825F /* Base */ = {isa = PBXFileReference; lastKnownFileType = file.storyboard; name = Base; path = Base.lproj/LaunchScreen.storyboard; sourceTree = "<group>"; };
		D58ACEED1DED8D930095825F /* Info.plist */ = {isa = PBXFileReference; lastKnownFileType = text.plist.xml; path = Info.plist; sourceTree = "<group>"; };
		D58ACEF31DED8DB40095825F /* RootViewController.h */ = {isa = PBXFileReference; fileEncoding = 4; lastKnownFileType = sourcecode.c.h; path = RootViewController.h; sourceTree = "<group>"; };
		D58ACEF41DED8DB40095825F /* RootViewController.m */ = {isa = PBXFileReference; fileEncoding = 4; lastKnownFileType = sourcecode.c.objc; path = RootViewController.m; sourceTree = "<group>"; };
		D58ACEF51DED8DB40095825F /* RootViewController.xib */ = {isa = PBXFileReference; fileEncoding = 4; lastKnownFileType = file.xib; path = RootViewController.xib; sourceTree = "<group>"; };
		D58ACEF81DED8ECD0095825F /* FirstViewController.h */ = {isa = PBXFileReference; fileEncoding = 4; lastKnownFileType = sourcecode.c.h; path = FirstViewController.h; sourceTree = "<group>"; };
		D58ACEF91DED8ECD0095825F /* FirstViewController.m */ = {isa = PBXFileReference; fileEncoding = 4; lastKnownFileType = sourcecode.c.objc; path = FirstViewController.m; sourceTree = "<group>"; };
		D58ACEFA1DED8ECD0095825F /* FirstViewController.xib */ = {isa = PBXFileReference; fileEncoding = 4; lastKnownFileType = file.xib; path = FirstViewController.xib; sourceTree = "<group>"; };
		D58ACEFD1DED8ED80095825F /* SecondViewController.h */ = {isa = PBXFileReference; fileEncoding = 4; lastKnownFileType = sourcecode.c.h; path = SecondViewController.h; sourceTree = "<group>"; };
		D58ACEFE1DED8ED80095825F /* SecondViewController.m */ = {isa = PBXFileReference; fileEncoding = 4; lastKnownFileType = sourcecode.c.objc; path = SecondViewController.m; sourceTree = "<group>"; };
		D58ACEFF1DED8ED80095825F /* SecondViewController.xib */ = {isa = PBXFileReference; fileEncoding = 4; lastKnownFileType = file.xib; path = SecondViewController.xib; sourceTree = "<group>"; };
		D58ACF021DED8EED0095825F /* ThirdViewController.h */ = {isa = PBXFileReference; fileEncoding = 4; lastKnownFileType = sourcecode.c.h; path = ThirdViewController.h; sourceTree = "<group>"; };
		D58ACF031DED8EED0095825F /* ThirdViewController.m */ = {isa = PBXFileReference; fileEncoding = 4; lastKnownFileType = sourcecode.c.objc; path = ThirdViewController.m; sourceTree = "<group>"; };
		D58ACF041DED8EED0095825F /* ThirdViewController.xib */ = {isa = PBXFileReference; fileEncoding = 4; lastKnownFileType = file.xib; path = ThirdViewController.xib; sourceTree = "<group>"; };
		D58ACF081DED94F10095825F /* TitleSelectView.h */ = {isa = PBXFileReference; fileEncoding = 4; lastKnownFileType = sourcecode.c.h; path = TitleSelectView.h; sourceTree = "<group>"; };
		D58ACF091DED94F10095825F /* TitleSelectView.m */ = {isa = PBXFileReference; fileEncoding = 4; lastKnownFileType = sourcecode.c.objc; path = TitleSelectView.m; sourceTree = "<group>"; };
		D5EEB8E41DEEFE9F00F0EF4C /* Header.h */ = {isa = PBXFileReference; fileEncoding = 4; lastKnownFileType = sourcecode.c.h; path = Header.h; sourceTree = "<group>"; };
/* End PBXFileReference section */

/* Begin PBXFrameworksBuildPhase section */
		D58ACED61DED8D930095825F /* Frameworks */ = {
			isa = PBXFrameworksBuildPhase;
			buildActionMask = 2147483647;
			files = (
			);
			runOnlyForDeploymentPostprocessing = 0;
		};
/* End PBXFrameworksBuildPhase section */

/* Begin PBXGroup section */
		D58ACED01DED8D930095825F = {
			isa = PBXGroup;
			children = (
				D58ACEDB1DED8D930095825F /* PageVCDemo */,
				D58ACEDA1DED8D930095825F /* Products */,
			);
			sourceTree = "<group>";
		};
		D58ACEDA1DED8D930095825F /* Products */ = {
			isa = PBXGroup;
			children = (
				D58ACED91DED8D930095825F /* PageVCDemo.app */,
			);
			name = Products;
			sourceTree = "<group>";
		};
		D58ACEDB1DED8D930095825F /* PageVCDemo */ = {
			isa = PBXGroup;
			children = (
				D58ACEDF1DED8D930095825F /* AppDelegate.h */,
				D58ACEE01DED8D930095825F /* AppDelegate.m */,
				D5EEB8E41DEEFE9F00F0EF4C /* Header.h */,
				D58ACF071DED94F10095825F /* TitleSelectView */,
				D58ACEF31DED8DB40095825F /* RootViewController.h */,
				D58ACEF41DED8DB40095825F /* RootViewController.m */,
				D58ACEF51DED8DB40095825F /* RootViewController.xib */,
				D58ACEF81DED8ECD0095825F /* FirstViewController.h */,
				D58ACEF91DED8ECD0095825F /* FirstViewController.m */,
				D58ACEFA1DED8ECD0095825F /* FirstViewController.xib */,
				D58ACEFD1DED8ED80095825F /* SecondViewController.h */,
				D58ACEFE1DED8ED80095825F /* SecondViewController.m */,
				D58ACEFF1DED8ED80095825F /* SecondViewController.xib */,
				D58ACF021DED8EED0095825F /* ThirdViewController.h */,
				D58ACF031DED8EED0095825F /* ThirdViewController.m */,
				D58ACF041DED8EED0095825F /* ThirdViewController.xib */,
				D58ACEE81DED8D930095825F /* Assets.xcassets */,
				D58ACEEA1DED8D930095825F /* LaunchScreen.storyboard */,
				D58ACEED1DED8D930095825F /* Info.plist */,
				D58ACEDC1DED8D930095825F /* Supporting Files */,
			);
			path = PageVCDemo;
			sourceTree = "<group>";
		};
		D58ACEDC1DED8D930095825F /* Supporting Files */ = {
			isa = PBXGroup;
			children = (
				D58ACEDD1DED8D930095825F /* main.m */,
			);
			name = "Supporting Files";
			sourceTree = "<group>";
		};
		D58ACF071DED94F10095825F /* TitleSelectView */ = {
			isa = PBXGroup;
			children = (
				D58ACF081DED94F10095825F /* TitleSelectView.h */,
				D58ACF091DED94F10095825F /* TitleSelectView.m */,
			);
			path = TitleSelectView;
			sourceTree = "<group>";
		};
/* End PBXGroup section */

/* Begin PBXNativeTarget section */
		D58ACED81DED8D930095825F /* PageVCDemo */ = {
			isa = PBXNativeTarget;
			buildConfigurationList = D58ACEF01DED8D930095825F /* Build configuration list for PBXNativeTarget "PageVCDemo" */;
			buildPhases = (
				D58ACED51DED8D930095825F /* Sources */,
				D58ACED61DED8D930095825F /* Frameworks */,
				D58ACED71DED8D930095825F /* Resources */,
			);
			buildRules = (
			);
			dependencies = (
			);
			name = PageVCDemo;
			productName = PageVCDemo;
			productReference = D58ACED91DED8D930095825F /* PageVCDemo.app */;
			productType = "com.apple.product-type.application";
		};
/* End PBXNativeTarget section */

/* Begin PBXProject section */
		D58ACED11DED8D930095825F /* Project object */ = {
			isa = PBXProject;
			attributes = {
				LastUpgradeCheck = 0810;
				ORGANIZATIONNAME = zhanght;
				TargetAttributes = {
					D58ACED81DED8D930095825F = {
						CreatedOnToolsVersion = 8.1;
						ProvisioningStyle = Automatic;
					};
				};
			};
			buildConfigurationList = D58ACED41DED8D930095825F /* Build configuration list for PBXProject "PageVCDemo" */;
			compatibilityVersion = "Xcode 3.2";
			developmentRegion = English;
			hasScannedForEncodings = 0;
			knownRegions = (
				en,
				Base,
			);
			mainGroup = D58ACED01DED8D930095825F;
			productRefGroup = D58ACEDA1DED8D930095825F /* Products */;
			projectDirPath = "";
			projectRoot = "";
			targets = (
				D58ACED81DED8D930095825F /* PageVCDemo */,
			);
		};
/* End PBXProject section */

/* Begin PBXResourcesBuildPhase section */
		D58ACED71DED8D930095825F /* Resources */ = {
			isa = PBXResourcesBuildPhase;
			buildActionMask = 2147483647;
			files = (
				D58ACEEC1DED8D930095825F /* LaunchScreen.storyboard in Resources */,
				D58ACEE91DED8D930095825F /* Assets.xcassets in Resources */,
				D58ACF061DED8EED0095825F /* ThirdViewController.xib in Resources */,
				D58ACEF71DED8DB40095825F /* RootViewController.xib in Resources */,
				D58ACEFC1DED8ECD0095825F /* FirstViewController.xib in Resources */,
				D58ACF011DED8ED80095825F /* SecondViewController.xib in Resources */,
			);
			runOnlyForDeploymentPostprocessing = 0;
		};
/* End PBXResourcesBuildPhase section */

/* Begin PBXSourcesBuildPhase section */
		D58ACED51DED8D930095825F /* Sources */ = {
			isa = PBXSourcesBuildPhase;
			buildActionMask = 2147483647;
			files = (
				D58ACF001DED8ED80095825F /* SecondViewController.m in Sources */,
				D58ACEE11DED8D930095825F /* AppDelegate.m in Sources */,
				D58ACF051DED8EED0095825F /* ThirdViewController.m in Sources */,
				D58ACEDE1DED8D930095825F /* main.m in Sources */,
				D58ACEF61DED8DB40095825F /* RootViewController.m in Sources */,
				D58ACF0A1DED94F10095825F /* TitleSelectView.m in Sources */,
				D58ACEFB1DED8ECD0095825F /* FirstViewController.m in Sources */,
			);
			runOnlyForDeploymentPostprocessing = 0;
		};
/* End PBXSourcesBuildPhase section */

/* Begin PBXVariantGroup section */
		D58ACEEA1DED8D930095825F /* LaunchScreen.storyboard */ = {
			isa = PBXVariantGroup;
			children = (
				D58ACEEB1DED8D930095825F /* Base */,
			);
			name = LaunchScreen.storyboard;
			sourceTree = "<group>";
		};
/* End PBXVariantGroup section */

/* Begin XCBuildConfiguration section */
		D58ACEEE1DED8D930095825F /* Debug */ = {
			isa = XCBuildConfiguration;
			buildSettings = {
				ALWAYS_SEARCH_USER_PATHS = NO;
				CLANG_ANALYZER_NONNULL = YES;
				CLANG_CXX_LANGUAGE_STANDARD = "gnu++0x";
				CLANG_CXX_LIBRARY = "libc++";
				CLANG_ENABLE_MODULES = YES;
				CLANG_ENABLE_OBJC_ARC = YES;
				CLANG_WARN_BOOL_CONVERSION = YES;
				CLANG_WARN_CONSTANT_CONVERSION = YES;
				CLANG_WARN_DIRECT_OBJC_ISA_USAGE = YES_ERROR;
				CLANG_WARN_DOCUMENTATION_COMMENTS = YES;
				CLANG_WARN_EMPTY_BODY = YES;
				CLANG_WARN_ENUM_CONVERSION = YES;
				CLANG_WARN_INFINITE_RECURSION = YES;
				CLANG_WARN_INT_CONVERSION = YES;
				CLANG_WARN_OBJC_ROOT_CLASS = YES_ERROR;
				CLANG_WARN_SUSPICIOUS_MOVES = YES;
				CLANG_WARN_UNREACHABLE_CODE = YES;
				CLANG_WARN__DUPLICATE_METHOD_MATCH = YES;
				"CODE_SIGN_IDENTITY[sdk=iphoneos*]" = "iPhone Developer";
				COPY_PHASE_STRIP = NO;
				DEBUG_INFORMATION_FORMAT = dwarf;
				ENABLE_STRICT_OBJC_MSGSEND = YES;
				ENABLE_TESTABILITY = YES;
				GCC_C_LANGUAGE_STANDARD = gnu99;
				GCC_DYNAMIC_NO_PIC = NO;
				GCC_NO_COMMON_BLOCKS = YES;
				GCC_OPTIMIZATION_LEVEL = 0;
				GCC_PREPROCESSOR_DEFINITIONS = (
					"DEBUG=1",
					"$(inherited)",
				);
				GCC_WARN_64_TO_32_BIT_CONVERSION = YES;
				GCC_WARN_ABOUT_RETURN_TYPE = YES_ERROR;
				GCC_WARN_UNDECLARED_SELECTOR = YES;
				GCC_WARN_UNINITIALIZED_AUTOS = YES_AGGRESSIVE;
				GCC_WARN_UNUSED_FUNCTION = YES;
				GCC_WARN_UNUSED_VARIABLE = YES;
				IPHONEOS_DEPLOYMENT_TARGET = 10.1;
				MTL_ENABLE_DEBUG_INFO = YES;
				ONLY_ACTIVE_ARCH = YES;
				SDKROOT = iphoneos;
				TARGETED_DEVICE_FAMILY = "1,2";
			};
			name = Debug;
		};
		D58ACEEF1DED8D930095825F /* Release */ = {
			isa = XCBuildConfiguration;
			buildSettings = {
				ALWAYS_SEARCH_USER_PATHS = NO;
				CLANG_ANALYZER_NONNULL = YES;
				CLANG_CXX_LANGUAGE_STANDARD = "gnu++0x";
				CLANG_CXX_LIBRARY = "libc++";
				CLANG_ENABLE_MODULES = YES;
				CLANG_ENABLE_OBJC_ARC = YES;
				CLANG_WARN_BOOL_CONVERSION = YES;
				CLANG_WARN_CONSTANT_CONVERSION = YES;
				CLANG_WARN_DIRECT_OBJC_ISA_USAGE = YES_ERROR;
				CLANG_WARN_DOCUMENTATION_COMMENTS = YES;
				CLANG_WARN_EMPTY_BODY = YES;
				CLANG_WARN_ENUM_CONVERSION = YES;
				CLANG_WARN_INFINITE_RECURSION = YES;
				CLANG_WARN_INT_CONVERSION = YES;
				CLANG_WARN_OBJC_ROOT_CLASS = YES_ERROR;
				CLANG_WARN_SUSPICIOUS_MOVES = YES;
				CLANG_WARN_UNREACHABLE_CODE = YES;
				CLANG_WARN__DUPLICATE_METHOD_MATCH = YES;
				"CODE_SIGN_IDENTITY[sdk=iphoneos*]" = "iPhone Developer";
				COPY_PHASE_STRIP = NO;
				DEBUG_INFORMATION_FORMAT = "dwarf-with-dsym";
				ENABLE_NS_ASSERTIONS = NO;
				ENABLE_STRICT_OBJC_MSGSEND = YES;
				GCC_C_LANGUAGE_STANDARD = gnu99;
				GCC_NO_COMMON_BLOCKS = YES;
				GCC_WARN_64_TO_32_BIT_CONVERSION = YES;
				GCC_WARN_ABOUT_RETURN_TYPE = YES_ERROR;
				GCC_WARN_UNDECLARED_SELECTOR = YES;
				GCC_WARN_UNINITIALIZED_AUTOS = YES_AGGRESSIVE;
				GCC_WARN_UNUSED_FUNCTION = YES;
				GCC_WARN_UNUSED_VARIABLE = YES;
				IPHONEOS_DEPLOYMENT_TARGET = 10.1;
				MTL_ENABLE_DEBUG_INFO = NO;
				SDKROOT = iphoneos;
				TARGETED_DEVICE_FAMILY = "1,2";
				VALIDATE_PRODUCT = YES;
			};
			name = Release;
		};
		D58ACEF11DED8D930095825F /* Debug */ = {
			isa = XCBuildConfiguration;
			buildSettings = {
				ASSETCATALOG_COMPILER_APPICON_NAME = AppIcon;
				INFOPLIST_FILE = PageVCDemo/Info.plist;
				LD_RUNPATH_SEARCH_PATHS = "$(inherited) @executable_path/Frameworks";
				PRODUCT_BUNDLE_IDENTIFIER = zhanght.PageVCDemo;
				PRODUCT_NAME = "$(TARGET_NAME)";
			};
			name = Debug;
		};
		D58ACEF21DED8D930095825F /* Release */ = {
			isa = XCBuildConfiguration;
			buildSettings = {
				ASSETCATALOG_COMPILER_APPICON_NAME = AppIcon;
				INFOPLIST_FILE = PageVCDemo/Info.plist;
				LD_RUNPATH_SEARCH_PATHS = "$(inherited) @executable_path/Frameworks";
				PRODUCT_BUNDLE_IDENTIFIER = zhanght.PageVCDemo;
				PRODUCT_NAME = "$(TARGET_NAME)";
			};
			name = Release;
		};
/* End XCBuildConfiguration section */

/* Begin XCConfigurationList section */
		D58ACED41DED8D930095825F /* Build configuration list for PBXProject "PageVCDemo" */ = {
			isa = XCConfigurationList;
			buildConfigurations = (
				D58ACEEE1DED8D930095825F /* Debug */,
				D58ACEEF1DED8D930095825F /* Release */,
			);
			defaultConfigurationIsVisible = 0;
			defaultConfigurationName = Release;
		};
		D58ACEF01DED8D930095825F /* Build configuration list for PBXNativeTarget "PageVCDemo" */ = {
			isa = XCConfigurationList;
			buildConfigurations = (
				D58ACEF11DED8D930095825F /* Debug */,
				D58ACEF21DED8D930095825F /* Release */,
			);
			defaultConfigurationIsVisible = 0;
			defaultConfigurationName = Release;
		};
/* End XCConfigurationList section */
	};
	rootObject = D58ACED11DED8D930095825F /* Project object */;
}
